
Microsoft Visual Studio Solution File, Format Version 12.00
# Visual Studio Version 16
VisualStudioVersion = 16.0.30503.244
MinimumVisualStudioVersion = 10.0.40219.1
Project("{FAE04EC0-301F-11D3-BF4B-00C04F79EFBC}") = "PDF Merger", "PDF Merger\PDF Merger.csproj", "{4CDEF5E1-159D-4680-AEA4-040CFF13548A}"
EndProject
Global
	GlobalSection(SolutionConfigurationPlatforms) = preSolution
		Debug|Any CPU = Debug|Any CPU
		Release|Any CPU = Release|Any CPU
	EndGlobalSection
	GlobalSection(ProjectConfigurationPlatforms) = postSolution
		{4CDEF5E1-159D-4680-AEA4-040CFF13548A}.Debug|Any CPU.ActiveCfg = Debug|Any CPU
		{4CDEF5E1-159D-4680-AEA4-040CFF13548A}.Debug|Any CPU.Build.0 = Debug|Any CPU
		{4CDEF5E1-159D-4680-AEA4-040CFF13548A}.Release|Any CPU.ActiveCfg = Release|Any CPU
		{4CDEF5E1-159D-4680-AEA4-040CFF13548A}.Release|Any CPU.Build.0 = Release|Any CPU
	EndGlobalSection
	GlobalSection(SolutionProperties) = preSolution
		HideSolutionNode = FALSE
	EndGlobalSection
	GlobalSection(ExtensibilityGlobals) = postSolution
		SolutionGuid = {29C3FE66-930A-47AE-A204-9572AA6D8BB8}
	EndGlobalSection
EndGlobal
